// !$*UTF8*$!
{
	archiveVersion = 1;
	classes = {
	};
	objectVersion = 48;
	objects = {

/* Begin PBXBuildFile section */
		EE8A8527204BC83B000EF1A2 /* AppDelegate.swift in Sources */ = {isa = PBXBuildFile; fileRef = EE8A8526204BC83B000EF1A2 /* AppDelegate.swift */; };
		EE8A8529204BC83B000EF1A2 /* ViewController.swift in Sources */ = {isa = PBXBuildFile; fileRef = EE8A8528204BC83B000EF1A2 /* ViewController.swift */; };
		EE8A852C204BC83B000EF1A2 /* Main.storyboard in Resources */ = {isa = PBXBuildFile; fileRef = EE8A852A204BC83B000EF1A2 /* Main.storyboard */; };
		EE8A852E204BC83B000EF1A2 /* Assets.xcassets in Resources */ = {isa = PBXBuildFile; fileRef = EE8A852D204BC83B000EF1A2 /* Assets.xcassets */; };
		EE8A8531204BC83B000EF1A2 /* LaunchScreen.storyboard in Resources */ = {isa = PBXBuildFile; fileRef = EE8A852F204BC83B000EF1A2 /* LaunchScreen.storyboard */; };
		EE8A853C204BC83B000EF1A2 /* ToDoListTests.swift in Sources */ = {isa = PBXBuildFile; fileRef = EE8A853B204BC83B000EF1A2 /* ToDoListTests.swift */; };
		EE8A8547204BC83C000EF1A2 /* ToDoListUITests.swift in Sources */ = {isa = PBXBuildFile; fileRef = EE8A8546204BC83C000EF1A2 /* ToDoListUITests.swift */; };
/* End PBXBuildFile section */

/* Begin PBXContainerItemProxy section */
		EE8A8538204BC83B000EF1A2 /* PBXContainerItemProxy */ = {
			isa = PBXContainerItemProxy;
			containerPortal = EE8A851B204BC83B000EF1A2 /* Project object */;
			proxyType = 1;
			remoteGlobalIDString = EE8A8522204BC83B000EF1A2;
			remoteInfo = ToDoList;
		};
		EE8A8543204BC83C000EF1A2 /* PBXContainerItemProxy */ = {
			isa = PBXContainerItemProxy;
			containerPortal = EE8A851B204BC83B000EF1A2 /* Project object */;
			proxyType = 1;
			remoteGlobalIDString = EE8A8522204BC83B000EF1A2;
			remoteInfo = ToDoList;
		};
/* End PBXContainerItemProxy section */

/* Begin PBXFileReference section */
		EE8A8523204BC83B000EF1A2 /* ToDoList.app */ = {isa = PBXFileReference; explicitFileType = wrapper.application; includeInIndex = 0; path = ToDoList.app; sourceTree = BUILT_PRODUCTS_DIR; };
		EE8A8526204BC83B000EF1A2 /* AppDelegate.swift */ = {isa = PBXFileReference; lastKnownFileType = sourcecode.swift; path = AppDelegate.swift; sourceTree = "<group>"; };
		EE8A8528204BC83B000EF1A2 /* ViewController.swift */ = {isa = PBXFileReference; lastKnownFileType = sourcecode.swift; path = ViewController.swift; sourceTree = "<group>"; };
		EE8A852B204BC83B000EF1A2 /* Base */ = {isa = PBXFileReference; lastKnownFileType = file.storyboard; name = Base; path = Base.lproj/Main.storyboard; sourceTree = "<group>"; };
		EE8A852D204BC83B000EF1A2 /* Assets.xcassets */ = {isa = PBXFileReference; lastKnownFileType = folder.assetcatalog; path = Assets.xcassets; sourceTree = "<group>"; };
		EE8A8530204BC83B000EF1A2 /* Base */ = {isa = PBXFileReference; lastKnownFileType = file.storyboard; name = Base; path = Base.lproj/LaunchScreen.storyboard; sourceTree = "<group>"; };
		EE8A8532204BC83B000EF1A2 /* Info.plist */ = {isa = PBXFileReference; lastKnownFileType = text.plist.xml; path = Info.plist; sourceTree = "<group>"; };
		EE8A8537204BC83B000EF1A2 /* ToDoListTests.xctest */ = {isa = PBXFileReference; explicitFileType = wrapper.cfbundle; includeInIndex = 0; path = ToDoListTests.xctest; sourceTree = BUILT_PRODUCTS_DIR; };
		EE8A853B204BC83B000EF1A2 /* ToDoListTests.swift */ = {isa = PBXFileReference; lastKnownFileType = sourcecode.swift; path = ToDoListTests.swift; sourceTree = "<group>"; };
		EE8A853D204BC83C000EF1A2 /* Info.plist */ = {isa = PBXFileReference; lastKnownFileType = text.plist.xml; path = Info.plist; sourceTree = "<group>"; };
		EE8A8542204BC83C000EF1A2 /* ToDoListUITests.xctest */ = {isa = PBXFileReference; explicitFileType = wrapper.cfbundle; includeInIndex = 0; path = ToDoListUITests.xctest; sourceTree = BUILT_PRODUCTS_DIR; };
		EE8A8546204BC83C000EF1A2 /* ToDoListUITests.swift */ = {isa = PBXFileReference; lastKnownFileType = sourcecode.swift; path = ToDoListUITests.swift; sourceTree = "<group>"; };
		EE8A8548204BC83C000EF1A2 /* Info.plist */ = {isa = PBXFileReference; lastKnownFileType = text.plist.xml; path = Info.plist; sourceTree = "<group>"; };
/* End PBXFileReference section */

/* Begin PBXFrameworksBuildPhase section */
		EE8A8520204BC83B000EF1A2 /* Frameworks */ = {
			isa = PBXFrameworksBuildPhase;
			buildActionMask = 2147483647;
			files = (
			);
			runOnlyForDeploymentPostprocessing = 0;
		};
		EE8A8534204BC83B000EF1A2 /* Frameworks */ = {
			isa = PBXFrameworksBuildPhase;
			buildActionMask = 2147483647;
			files = (
			);
			runOnlyForDeploymentPostprocessing = 0;
		};
		EE8A853F204BC83C000EF1A2 /* Frameworks */ = {
			isa = PBXFrameworksBuildPhase;
			buildActionMask = 2147483647;
			files = (
			);
			runOnlyForDeploymentPostprocessing = 0;
		};
/* End PBXFrameworksBuildPhase section */

/* Begin PBXGroup section */
		EE8A851A204BC83B000EF1A2 = {
			isa = PBXGroup;
			children = (
				EE8A8525204BC83B000EF1A2 /* ToDoList */,
				EE8A853A204BC83B000EF1A2 /* ToDoListTests */,
				EE8A8545204BC83C000EF1A2 /* ToDoListUITests */,
				EE8A8524204BC83B000EF1A2 /* Products */,
			);
			sourceTree = "<group>";
		};
		EE8A8524204BC83B000EF1A2 /* Products */ = {
			isa = PBXGroup;
			children = (
				EE8A8523204BC83B000EF1A2 /* ToDoList.app */,
				EE8A8537204BC83B000EF1A2 /* ToDoListTests.xctest */,
				EE8A8542204BC83C000EF1A2 /* ToDoListUITests.xctest */,
			);
			name = Products;
			sourceTree = "<group>";
		};
		EE8A8525204BC83B000EF1A2 /* ToDoList */ = {
			isa = PBXGroup;
			children = (
				EE8A8526204BC83B000EF1A2 /* AppDelegate.swift */,
				EE8A8528204BC83B000EF1A2 /* ViewController.swift */,
				EE8A852A204BC83B000EF1A2 /* Main.storyboard */,
				EE8A852D204BC83B000EF1A2 /* Assets.xcassets */,
				EE8A852F204BC83B000EF1A2 /* LaunchScreen.storyboard */,
				EE8A8532204BC83B000EF1A2 /* Info.plist */,
			);
			path = ToDoList;
			sourceTree = "<group>";
		};
		EE8A853A204BC83B000EF1A2 /* ToDoListTests */ = {
			isa = PBXGroup;
			children = (
				EE8A853B204BC83B000EF1A2 /* ToDoListTests.swift */,
				EE8A853D204BC83C000EF1A2 /* Info.plist */,
			);
			path = ToDoListTests;
			sourceTree = "<group>";
		};
		EE8A8545204BC83C000EF1A2 /* ToDoListUITests */ = {
			isa = PBXGroup;
			children = (
				EE8A8546204BC83C000EF1A2 /* ToDoListUITests.swift */,
				EE8A8548204BC83C000EF1A2 /* Info.plist */,
			);
			path = ToDoListUITests;
			sourceTree = "<group>";
		};
/* End PBXGroup section */

/* Begin PBXNativeTarget section */
		EE8A8522204BC83B000EF1A2 /* ToDoList */ = {
			isa = PBXNativeTarget;
			buildConfigurationList = EE8A854B204BC83C000EF1A2 /* Build configuration list for PBXNativeTarget "ToDoList" */;
			buildPhases = (
				EE8A851F204BC83B000EF1A2 /* Sources */,
				EE8A8520204BC83B000EF1A2 /* Frameworks */,
				EE8A8521204BC83B000EF1A2 /* Resources */,
			);
			buildRules = (
			);
			dependencies = (
			);
			name = ToDoList;
			productName = ToDoList;
			productReference = EE8A8523204BC83B000EF1A2 /* ToDoList.app */;
			productType = "com.apple.product-type.application";
		};
		EE8A8536204BC83B000EF1A2 /* ToDoListTests */ = {
			isa = PBXNativeTarget;
			buildConfigurationList = EE8A854E204BC83C000EF1A2 /* Build configuration list for PBXNativeTarget "ToDoListTests" */;
			buildPhases = (
				EE8A8533204BC83B000EF1A2 /* Sources */,
				EE8A8534204BC83B000EF1A2 /* Frameworks */,
				EE8A8535204BC83B000EF1A2 /* Resources */,
			);
			buildRules = (
			);
			dependencies = (
				EE8A8539204BC83B000EF1A2 /* PBXTargetDependency */,
			);
			name = ToDoListTests;
			productName = ToDoListTests;
			productReference = EE8A8537204BC83B000EF1A2 /* ToDoListTests.xctest */;
			productType = "com.apple.product-type.bundle.unit-test";
		};
		EE8A8541204BC83C000EF1A2 /* ToDoListUITests */ = {
			isa = PBXNativeTarget;
			buildConfigurationList = EE8A8551204BC83C000EF1A2 /* Build configuration list for PBXNativeTarget "ToDoListUITests" */;
			buildPhases = (
				EE8A853E204BC83C000EF1A2 /* Sources */,
				EE8A853F204BC83C000EF1A2 /* Frameworks */,
				EE8A8540204BC83C000EF1A2 /* Resources */,
			);
			buildRules = (
			);
			dependencies = (
				EE8A8544204BC83C000EF1A2 /* PBXTargetDependency */,
			);
			name = ToDoListUITests;
			productName = ToDoListUITests;
			productReference = EE8A8542204BC83C000EF1A2 /* ToDoListUITests.xctest */;
			productType = "com.apple.product-type.bundle.ui-testing";
		};
/* End PBXNativeTarget section */

/* Begin PBXProject section */
		EE8A851B204BC83B000EF1A2 /* Project object */ = {
			isa = PBXProject;
			attributes = {
				LastSwiftUpdateCheck = 0920;
				LastUpgradeCheck = 0920;
				ORGANIZATIONNAME = "Maho Misumi";
				TargetAttributes = {
					EE8A8522204BC83B000EF1A2 = {
						CreatedOnToolsVersion = 9.2;
						ProvisioningStyle = Automatic;
					};
					EE8A8536204BC83B000EF1A2 = {
						CreatedOnToolsVersion = 9.2;
						ProvisioningStyle = Automatic;
						TestTargetID = EE8A8522204BC83B000EF1A2;
					};
					EE8A8541204BC83C000EF1A2 = {
						CreatedOnToolsVersion = 9.2;
						ProvisioningStyle = Automatic;
						TestTargetID = EE8A8522204BC83B000EF1A2;
					};
				};
			};
			buildConfigurationList = EE8A851E204BC83B000EF1A2 /* Build configuration list for PBXProject "ToDoList" */;
			compatibilityVersion = "Xcode 8.0";
			developmentRegion = en;
			hasScannedForEncodings = 0;
			knownRegions = (
				en,
				Base,
			);
			mainGroup = EE8A851A204BC83B000EF1A2;
			productRefGroup = EE8A8524204BC83B000EF1A2 /* Products */;
			projectDirPath = "";
			projectRoot = "";
			targets = (
				EE8A8522204BC83B000EF1A2 /* ToDoList */,
				EE8A8536204BC83B000EF1A2 /* ToDoListTests */,
				EE8A8541204BC83C000EF1A2 /* ToDoListUITests */,
			);
		};
/* End PBXProject section */

/* Begin PBXResourcesBuildPhase section */
		EE8A8521204BC83B000EF1A2 /* Resources */ = {
			isa = PBXResourcesBuildPhase;
			buildActionMask = 2147483647;
			files = (
				EE8A8531204BC83B000EF1A2 /* LaunchScreen.storyboard in Resources */,
				EE8A852E204BC83B000EF1A2 /* Assets.xcassets in Resources */,
				EE8A852C204BC83B000EF1A2 /* Main.storyboard in Resources */,
			);
			runOnlyForDeploymentPostprocessing = 0;
		};
		EE8A8535204BC83B000EF1A2 /* Resources */ = {
			isa = PBXResourcesBuildPhase;
			buildActionMask = 2147483647;
			files = (
			);
			runOnlyForDeploymentPostprocessing = 0;
		};
		EE8A8540204BC83C000EF1A2 /* Resources */ = {
			isa = PBXResourcesBuildPhase;
			buildActionMask = 2147483647;
			files = (
			);
			runOnlyForDeploymentPostprocessing = 0;
		};
/* End PBXResourcesBuildPhase section */

/* Begin PBXSourcesBuildPhase section */
		EE8A851F204BC83B000EF1A2 /* Sources */ = {
			isa = PBXSourcesBuildPhase;
			buildActionMask = 2147483647;
			files = (
				EE8A8529204BC83B000EF1A2 /* ViewController.swift in Sources */,
				EE8A8527204BC83B000EF1A2 /* AppDelegate.swift in Sources */,
			);
			runOnlyForDeploymentPostprocessing = 0;
		};
		EE8A8533204BC83B000EF1A2 /* Sources */ = {
			isa = PBXSourcesBuildPhase;
			buildActionMask = 2147483647;
			files = (
				EE8A853C204BC83B000EF1A2 /* ToDoListTests.swift in Sources */,
			);
			runOnlyForDeploymentPostprocessing = 0;
		};
		EE8A853E204BC83C000EF1A2 /* Sources */ = {
			isa = PBXSourcesBuildPhase;
			buildActionMask = 2147483647;
			files = (
				EE8A8547204BC83C000EF1A2 /* ToDoListUITests.swift in Sources */,
			);
			runOnlyForDeploymentPostprocessing = 0;
		};
/* End PBXSourcesBuildPhase section */

/* Begin PBXTargetDependency section */
		EE8A8539204BC83B000EF1A2 /* PBXTargetDependency */ = {
			isa = PBXTargetDependency;
			target = EE8A8522204BC83B000EF1A2 /* ToDoList */;
			targetProxy = EE8A8538204BC83B000EF1A2 /* PBXContainerItemProxy */;
		};
		EE8A8544204BC83C000EF1A2 /* PBXTargetDependency */ = {
			isa = PBXTargetDependency;
			target = EE8A8522204BC83B000EF1A2 /* ToDoList */;
			targetProxy = EE8A8543204BC83C000EF1A2 /* PBXContainerItemProxy */;
		};
/* End PBXTargetDependency section */

/* Begin PBXVariantGroup section */
		EE8A852A204BC83B000EF1A2 /* Main.storyboard */ = {
			isa = PBXVariantGroup;
			children = (
				EE8A852B204BC83B000EF1A2 /* Base */,
			);
			name = Main.storyboard;
			sourceTree = "<group>";
		};
		EE8A852F204BC83B000EF1A2 /* LaunchScreen.storyboard */ = {
			isa = PBXVariantGroup;
			children = (
				EE8A8530204BC83B000EF1A2 /* Base */,
			);
			name = LaunchScreen.storyboard;
			sourceTree = "<group>";
		};
/* End PBXVariantGroup section */

/* Begin XCBuildConfiguration section */
		EE8A8549204BC83C000EF1A2 /* Debug */ = {
			isa = XCBuildConfiguration;
			buildSettings = {
				ALWAYS_SEARCH_USER_PATHS = NO;
				CLANG_ANALYZER_NONNULL = YES;
				CLANG_ANALYZER_NUMBER_OBJECT_CONVERSION = YES_AGGRESSIVE;
				CLANG_CXX_LANGUAGE_STANDARD = "gnu++14";
				CLANG_CXX_LIBRARY = "libc++";
				CLANG_ENABLE_MODULES = YES;
				CLANG_ENABLE_OBJC_ARC = YES;
				CLANG_WARN_BLOCK_CAPTURE_AUTORELEASING = YES;
				CLANG_WARN_BOOL_CONVERSION = YES;
				CLANG_WARN_COMMA = YES;
				CLANG_WARN_CONSTANT_CONVERSION = YES;
				CLANG_WARN_DIRECT_OBJC_ISA_USAGE = YES_ERROR;
				CLANG_WARN_DOCUMENTATION_COMMENTS = YES;
				CLANG_WARN_EMPTY_BODY = YES;
				CLANG_WARN_ENUM_CONVERSION = YES;
				CLANG_WARN_INFINITE_RECURSION = YES;
				CLANG_WARN_INT_CONVERSION = YES;
				CLANG_WARN_NON_LITERAL_NULL_CONVERSION = YES;
				CLANG_WARN_OBJC_LITERAL_CONVERSION = YES;
				CLANG_WARN_OBJC_ROOT_CLASS = YES_ERROR;
				CLANG_WARN_RANGE_LOOP_ANALYSIS = YES;
				CLANG_WARN_STRICT_PROTOTYPES = YES;
				CLANG_WARN_SUSPICIOUS_MOVE = YES;
				CLANG_WARN_UNGUARDED_AVAILABILITY = YES_AGGRESSIVE;
				CLANG_WARN_UNREACHABLE_CODE = YES;
				CLANG_WARN__DUPLICATE_METHOD_MATCH = YES;
				CODE_SIGN_IDENTITY = "iPhone Developer";
				COPY_PHASE_STRIP = NO;
				DEBUG_INFORMATION_FORMAT = dwarf;
				ENABLE_STRICT_OBJC_MSGSEND = YES;
				ENABLE_TESTABILITY = YES;
				GCC_C_LANGUAGE_STANDARD = gnu11;
				GCC_DYNAMIC_NO_PIC = NO;
				GCC_NO_COMMON_BLOCKS = YES;
				GCC_OPTIMIZATION_LEVEL = 0;
				GCC_PREPROCESSOR_DEFINITIONS = (
					"DEBUG=1",
					"$(inherited)",
				);
				GCC_WARN_64_TO_32_BIT_CONVERSION = YES;
				GCC_WARN_ABOUT_RETURN_TYPE = YES_ERROR;
				GCC_WARN_UNDECLARED_SELECTOR = YES;
				GCC_WARN_UNINITIALIZED_AUTOS = YES_AGGRESSIVE;
				GCC_WARN_UNUSED_FUNCTION = YES;
				GCC_WARN_UNUSED_VARIABLE = YES;
				IPHONEOS_DEPLOYMENT_TARGET = 11.2;
				MTL_ENABLE_DEBUG_INFO = YES;
				ONLY_ACTIVE_ARCH = YES;
				SDKROOT = iphoneos;
				SWIFT_ACTIVE_COMPILATION_CONDITIONS = DEBUG;
				SWIFT_OPTIMIZATION_LEVEL = "-Onone";
			};
			name = Debug;
		};
		EE8A854A204BC83C000EF1A2 /* Release */ = {
			isa = XCBuildConfiguration;
			buildSettings = {
				ALWAYS_SEARCH_USER_PATHS = NO;
				CLANG_ANALYZER_NONNULL = YES;
				CLANG_ANALYZER_NUMBER_OBJECT_CONVERSION = YES_AGGRESSIVE;
				CLANG_CXX_LANGUAGE_STANDARD = "gnu++14";
				CLANG_CXX_LIBRARY = "libc++";
				CLANG_ENABLE_MODULES = YES;
				CLANG_ENABLE_OBJC_ARC = YES;
				CLANG_WARN_BLOCK_CAPTURE_AUTORELEASING = YES;
				CLANG_WARN_BOOL_CONVERSION = YES;
				CLANG_WARN_COMMA = YES;
				CLANG_WARN_CONSTANT_CONVERSION = YES;
				CLANG_WARN_DIRECT_OBJC_ISA_USAGE = YES_ERROR;
				CLANG_WARN_DOCUMENTATION_COMMENTS = YES;
				CLANG_WARN_EMPTY_BODY = YES;
				CLANG_WARN_ENUM_CONVERSION = YES;
				CLANG_WARN_INFINITE_RECURSION = YES;
				CLANG_WARN_INT_CONVERSION = YES;
				CLANG_WARN_NON_LITERAL_NULL_CONVERSION = YES;
				CLANG_WARN_OBJC_LITERAL_CONVERSION = YES;
				CLANG_WARN_OBJC_ROOT_CLASS = YES_ERROR;
				CLANG_WARN_RANGE_LOOP_ANALYSIS = YES;
				CLANG_WARN_STRICT_PROTOTYPES = YES;
				CLANG_WARN_SUSPICIOUS_MOVE = YES;
				CLANG_WARN_UNGUARDED_AVAILABILITY = YES_AGGRESSIVE;
				CLANG_WARN_UNREACHABLE_CODE = YES;
				CLANG_WARN__DUPLICATE_METHOD_MATCH = YES;
				CODE_SIGN_IDENTITY = "iPhone Developer";
				COPY_PHASE_STRIP = NO;
				DEBUG_INFORMATION_FORMAT = "dwarf-with-dsym";
				ENABLE_NS_ASSERTIONS = NO;
				ENABLE_STRICT_OBJC_MSGSEND = YES;
				GCC_C_LANGUAGE_STANDARD = gnu11;
				GCC_NO_COMMON_BLOCKS = YES;
				GCC_WARN_64_TO_32_BIT_CONVERSION = YES;
				GCC_WARN_ABOUT_RETURN_TYPE = YES_ERROR;
				GCC_WARN_UNDECLARED_SELECTOR = YES;
				GCC_WARN_UNINITIALIZED_AUTOS = YES_AGGRESSIVE;
				GCC_WARN_UNUSED_FUNCTION = YES;
				GCC_WARN_UNUSED_VARIABLE = YES;
				IPHONEOS_DEPLOYMENT_TARGET = 11.2;
				MTL_ENABLE_DEBUG_INFO = NO;
				SDKROOT = iphoneos;
				SWIFT_OPTIMIZATION_LEVEL = "-Owholemodule";
				VALIDATE_PRODUCT = YES;
			};
			name = Release;
		};
		EE8A854C204BC83C000EF1A2 /* Debug */ = {
			isa = XCBuildConfiguration;
			buildSettings = {
				ASSETCATALOG_COMPILER_APPICON_NAME = AppIcon;
				CODE_SIGN_STYLE = Automatic;
				INFOPLIST_FILE = ToDoList/Info.plist;
				LD_RUNPATH_SEARCH_PATHS = "$(inherited) @executable_path/Frameworks";
				PRODUCT_BUNDLE_IDENTIFIER = maho.com.ToDoList;
				PRODUCT_NAME = "$(TARGET_NAME)";
				SWIFT_VERSION = 4.0;
				TARGETED_DEVICE_FAMILY = "1,2";
			};
			name = Debug;
		};
		EE8A854D204BC83C000EF1A2 /* Release */ = {
			isa = XCBuildConfiguration;
			buildSettings = {
				ASSETCATALOG_COMPILER_APPICON_NAME = AppIcon;
				CODE_SIGN_STYLE = Automatic;
				INFOPLIST_FILE = ToDoList/Info.plist;
				LD_RUNPATH_SEARCH_PATHS = "$(inherited) @executable_path/Frameworks";
				PRODUCT_BUNDLE_IDENTIFIER = maho.com.ToDoList;
				PRODUCT_NAME = "$(TARGET_NAME)";
				SWIFT_VERSION = 4.0;
				TARGETED_DEVICE_FAMILY = "1,2";
			};
			name = Release;
		};
		EE8A854F204BC83C000EF1A2 /* Debug */ = {
			isa = XCBuildConfiguration;
			buildSettings = {
				ALWAYS_EMBED_SWIFT_STANDARD_LIBRARIES = YES;
				BUNDLE_LOADER = "$(TEST_HOST)";
				CODE_SIGN_STYLE = Automatic;
				INFOPLIST_FILE = ToDoListTests/Info.plist;
				LD_RUNPATH_SEARCH_PATHS = "$(inherited) @executable_path/Frameworks @loader_path/Frameworks";
				PRODUCT_BUNDLE_IDENTIFIER = maho.com.ToDoListTests;
				PRODUCT_NAME = "$(TARGET_NAME)";
				SWIFT_VERSION = 4.0;
				TARGETED_DEVICE_FAMILY = "1,2";
				TEST_HOST = "$(BUILT_PRODUCTS_DIR)/ToDoList.app/ToDoList";
			};
			name = Debug;
		};
		EE8A8550204BC83C000EF1A2 /* Release */ = {
			isa = XCBuildConfiguration;
			buildSettings = {
				ALWAYS_EMBED_SWIFT_STANDARD_LIBRARIES = YES;
				BUNDLE_LOADER = "$(TEST_HOST)";
				CODE_SIGN_STYLE = Automatic;
				INFOPLIST_FILE = ToDoListTests/Info.plist;
				LD_RUNPATH_SEARCH_PATHS = "$(inherited) @executable_path/Frameworks @loader_path/Frameworks";
				PRODUCT_BUNDLE_IDENTIFIER = maho.com.ToDoListTests;
				PRODUCT_NAME = "$(TARGET_NAME)";
				SWIFT_VERSION = 4.0;
				TARGETED_DEVICE_FAMILY = "1,2";
				TEST_HOST = "$(BUILT_PRODUCTS_DIR)/ToDoList.app/ToDoList";
			};
			name = Release;
		};
		EE8A8552204BC83C000EF1A2 /* Debug */ = {
			isa = XCBuildConfiguration;
			buildSettings = {
				ALWAYS_EMBED_SWIFT_STANDARD_LIBRARIES = YES;
				CODE_SIGN_STYLE = Automatic;
				INFOPLIST_FILE = ToDoListUITests/Info.plist;
				LD_RUNPATH_SEARCH_PATHS = "$(inherited) @executable_path/Frameworks @loader_path/Frameworks";
				PRODUCT_BUNDLE_IDENTIFIER = maho.com.ToDoListUITests;
				PRODUCT_NAME = "$(TARGET_NAME)";
				SWIFT_VERSION = 4.0;
				TARGETED_DEVICE_FAMILY = "1,2";
				TEST_TARGET_NAME = ToDoList;
			};
			name = Debug;
		};
		EE8A8553204BC83C000EF1A2 /* Release */ = {
			isa = XCBuildConfiguration;
			buildSettings = {
				ALWAYS_EMBED_SWIFT_STANDARD_LIBRARIES = YES;
				CODE_SIGN_STYLE = Automatic;
				INFOPLIST_FILE = ToDoListUITests/Info.plist;
				LD_RUNPATH_SEARCH_PATHS = "$(inherited) @executable_path/Frameworks @loader_path/Frameworks";
				PRODUCT_BUNDLE_IDENTIFIER = maho.com.ToDoListUITests;
				PRODUCT_NAME = "$(TARGET_NAME)";
				SWIFT_VERSION = 4.0;
				TARGETED_DEVICE_FAMILY = "1,2";
				TEST_TARGET_NAME = ToDoList;
			};
			name = Release;
		};
/* End XCBuildConfiguration section */

/* Begin XCConfigurationList section */
		EE8A851E204BC83B000EF1A2 /* Build configuration list for PBXProject "ToDoList" */ = {
			isa = XCConfigurationList;
			buildConfigurations = (
				EE8A8549204BC83C000EF1A2 /* Debug */,
				EE8A854A204BC83C000EF1A2 /* Release */,
			);
			defaultConfigurationIsVisible = 0;
			defaultConfigurationName = Release;
		};
		EE8A854B204BC83C000EF1A2 /* Build configuration list for PBXNativeTarget "ToDoList" */ = {
			isa = XCConfigurationList;
			buildConfigurations = (
				EE8A854C204BC83C000EF1A2 /* Debug */,
				EE8A854D204BC83C000EF1A2 /* Release */,
			);
			defaultConfigurationIsVisible = 0;
			defaultConfigurationName = Release;
		};
		EE8A854E204BC83C000EF1A2 /* Build configuration list for PBXNativeTarget "ToDoListTests" */ = {
			isa = XCConfigurationList;
			buildConfigurations = (
				EE8A854F204BC83C000EF1A2 /* Debug */,
				EE8A8550204BC83C000EF1A2 /* Release */,
			);
			defaultConfigurationIsVisible = 0;
			defaultConfigurationName = Release;
		};
		EE8A8551204BC83C000EF1A2 /* Build configuration list for PBXNativeTarget "ToDoListUITests" */ = {
			isa = XCConfigurationList;
			buildConfigurations = (
				EE8A8552204BC83C000EF1A2 /* Debug */,
				EE8A8553204BC83C000EF1A2 /* Release */,
			);
			defaultConfigurationIsVisible = 0;
			defaultConfigurationName = Release;
		};
/* End XCConfigurationList section */
	};
	rootObject = EE8A851B204BC83B000EF1A2 /* Project object */;
}
